
Microsoft Visual Studio Solution File, Format Version 12.00
# Visual Studio Version 17
VisualStudioVersion = 17.0.31903.59
MinimumVisualStudioVersion = 10.0.40219.1
Project("{FAE04EC0-301F-11D3-BF4B-00C04F79EFBC}") = "BugPro", "BugPro\BugPro.csproj", "{A1C34F3A-DBEF-4D65-8E3A-C2D9FD9E52B0}"
EndProject
Project("{FAE04EC0-301F-11D3-BF4B-00C04F79EFBC}") = "BugTests", "BugTests\BugTests.csproj", "{6C558C2E-EA8E-4EAB-A423-1D5638E7A03B}"
EndProject
Global
	GlobalSection(SolutionConfigurationPlatforms) = preSolution
		Debug|Any CPU = Debug|Any CPU
		Release|Any CPU = Release|Any CPU
	EndGlobalSection
		GlobalSection(ProjectConfigurationPlatforms) = postSolution
		{A1C34F3A-DBEF-4D65-8E3A-C2D9FD9E52B0}.Debug|Any CPU.ActiveCfg = Debug|Any CPU
		{A1C34F3A-DBEF-4D65-8E3A-C2D9FD9E52B0}.Debug|Any CPU.Build.0 = Debug|Any CPU
		{A1C34F3A-DBEF-4D65-8E3A-C2D9FD9E52B0}.Release|Any CPU.ActiveCfg = Release|Any CPU
		{A1C34F3A-DBEF-4D65-8E3A-C2D9FD9E52B0}.Release|Any CPU.Build.0 = Release|Any CPU
		{6C558C2E-EA8E-4EAB-A423-1D5638E7A03B}.Debug|Any CPU.ActiveCfg = Debug|Any CPU
		{6C558C2E-EA8E-4EAB-A423-1D5638E7A03B}.Debug|Any CPU.Build.0 = Debug|Any CPU
		{6C558C2E-EA8E-4EAB-A423-1D5638E7A03B}.Release|Any CPU.ActiveCfg = Release|Any CPU
		{6C558C2E-EA8E-4EAB-A423-1D5638E7A03B}.Release|Any CPU.Build.0 = Release|Any CPU
	EndGlobalSection
	GlobalSection(SolutionProperties) = preSolution
		HideSolutionNode = FALSE
	EndGlobalSection
EndGlobal
